
Microsoft Visual Studio Solution File, Format Version 12.00
# Visual Studio Version 16
VisualStudioVersion = 16.0.29215.179
MinimumVisualStudioVersion = 10.0.40219.1
Project("{FAE04EC0-301F-11D3-BF4B-00C04F79EFBC}") = "ConsoleUI", "ConsoleUI\ConsoleUI.csproj", "{4E1F67D6-BA24-4FE2-A359-BD2418810225}"
EndProject
Project("{FAE04EC0-301F-11D3-BF4B-00C04F79EFBC}") = "ClassLibrary", "ClassLibrary\ClassLibrary.csproj", "{130747DF-55FF-416D-B11C-7B65B46D4024}"
EndProject
Global
	GlobalSection(SolutionConfigurationPlatforms) = preSolution
		Debug|Any CPU = Debug|Any CPU
		Release|Any CPU = Release|Any CPU
	EndGlobalSection
	GlobalSection(ProjectConfigurationPlatforms) = postSolution
		{4E1F67D6-BA24-4FE2-A359-BD2418810225}.Debug|Any CPU.ActiveCfg = Debug|Any CPU
		{4E1F67D6-BA24-4FE2-A359-BD2418810225}.Debug|Any CPU.Build.0 = Debug|Any CPU
		{4E1F67D6-BA24-4FE2-A359-BD2418810225}.Release|Any CPU.ActiveCfg = Release|Any CPU
		{4E1F67D6-BA24-4FE2-A359-BD2418810225}.Release|Any CPU.Build.0 = Release|Any CPU
		{130747DF-55FF-416D-B11C-7B65B46D4024}.Debug|Any CPU.ActiveCfg = Debug|Any CPU
		{130747DF-55FF-416D-B11C-7B65B46D4024}.Debug|Any CPU.Build.0 = Debug|Any CPU
		{130747DF-55FF-416D-B11C-7B65B46D4024}.Release|Any CPU.ActiveCfg = Release|Any CPU
		{130747DF-55FF-416D-B11C-7B65B46D4024}.Release|Any CPU.Build.0 = Release|Any CPU
	EndGlobalSection
	GlobalSection(SolutionProperties) = preSolution
		HideSolutionNode = FALSE
	EndGlobalSection
	GlobalSection(ExtensibilityGlobals) = postSolution
		SolutionGuid = {1F5B274E-83CC-41A4-A66F-E8496027C8B5}
	EndGlobalSection
EndGlobal
